// !$*UTF8*$!
{
	archiveVersion = 1;
	classes = {
	};
	objectVersion = 48;
	objects = {

/* Begin PBXBuildFile section */
		FB7987831FB0DB96009C2101 /* AppDelegate.swift in Sources */ = {isa = PBXBuildFile; fileRef = FB7987821FB0DB96009C2101 /* AppDelegate.swift */; };
		FB7987851FB0DB96009C2101 /* ViewController.swift in Sources */ = {isa = PBXBuildFile; fileRef = FB7987841FB0DB96009C2101 /* ViewController.swift */; };
		FB79878A1FB0DB96009C2101 /* Assets.xcassets in Resources */ = {isa = PBXBuildFile; fileRef = FB7987891FB0DB96009C2101 /* Assets.xcassets */; };
		FB79878D1FB0DB96009C2101 /* LaunchScreen.storyboard in Resources */ = {isa = PBXBuildFile; fileRef = FB79878B1FB0DB96009C2101 /* LaunchScreen.storyboard */; };
		FB7987981FB0DB97009C2101 /* TipperTests.swift in Sources */ = {isa = PBXBuildFile; fileRef = FB7987971FB0DB97009C2101 /* TipperTests.swift */; };
		FB7987A31FB0DB97009C2101 /* TipperUITests.swift in Sources */ = {isa = PBXBuildFile; fileRef = FB7987A21FB0DB97009C2101 /* TipperUITests.swift */; };
		FB7987B61FB1066D009C2101 /* Main.storyboard in Resources */ = {isa = PBXBuildFile; fileRef = FB7987861FB0DB96009C2101 /* Main.storyboard */; };
		FB7987BA1FB16CC0009C2101 /* SettingsViewController.swift in Sources */ = {isa = PBXBuildFile; fileRef = FB7987B91FB16CC0009C2101 /* SettingsViewController.swift */; };
/* End PBXBuildFile section */

/* Begin PBXContainerItemProxy section */
		FB7987941FB0DB96009C2101 /* PBXContainerItemProxy */ = {
			isa = PBXContainerItemProxy;
			containerPortal = FB7987771FB0DB96009C2101 /* Project object */;
			proxyType = 1;
			remoteGlobalIDString = FB79877E1FB0DB96009C2101;
			remoteInfo = Tipper;
		};
		FB79879F1FB0DB97009C2101 /* PBXContainerItemProxy */ = {
			isa = PBXContainerItemProxy;
			containerPortal = FB7987771FB0DB96009C2101 /* Project object */;
			proxyType = 1;
			remoteGlobalIDString = FB79877E1FB0DB96009C2101;
			remoteInfo = Tipper;
		};
/* End PBXContainerItemProxy section */

/* Begin PBXFileReference section */
		FB79877F1FB0DB96009C2101 /* Tipper.app */ = {isa = PBXFileReference; explicitFileType = wrapper.application; includeInIndex = 0; path = Tipper.app; sourceTree = BUILT_PRODUCTS_DIR; };
		FB7987821FB0DB96009C2101 /* AppDelegate.swift */ = {isa = PBXFileReference; lastKnownFileType = sourcecode.swift; path = AppDelegate.swift; sourceTree = "<group>"; };
		FB7987841FB0DB96009C2101 /* ViewController.swift */ = {isa = PBXFileReference; lastKnownFileType = sourcecode.swift; path = ViewController.swift; sourceTree = "<group>"; };
		FB7987871FB0DB96009C2101 /* Base */ = {isa = PBXFileReference; lastKnownFileType = file.storyboard; name = Base; path = Base.lproj/Main.storyboard; sourceTree = "<group>"; };
		FB7987891FB0DB96009C2101 /* Assets.xcassets */ = {isa = PBXFileReference; lastKnownFileType = folder.assetcatalog; path = Assets.xcassets; sourceTree = "<group>"; };
		FB79878C1FB0DB96009C2101 /* Base */ = {isa = PBXFileReference; lastKnownFileType = file.storyboard; name = Base; path = Base.lproj/LaunchScreen.storyboard; sourceTree = "<group>"; };
		FB79878E1FB0DB96009C2101 /* Info.plist */ = {isa = PBXFileReference; lastKnownFileType = text.plist.xml; path = Info.plist; sourceTree = "<group>"; };
		FB7987931FB0DB96009C2101 /* TipperTests.xctest */ = {isa = PBXFileReference; explicitFileType = wrapper.cfbundle; includeInIndex = 0; path = TipperTests.xctest; sourceTree = BUILT_PRODUCTS_DIR; };
		FB7987971FB0DB97009C2101 /* TipperTests.swift */ = {isa = PBXFileReference; lastKnownFileType = sourcecode.swift; path = TipperTests.swift; sourceTree = "<group>"; };
		FB7987991FB0DB97009C2101 /* Info.plist */ = {isa = PBXFileReference; lastKnownFileType = text.plist.xml; path = Info.plist; sourceTree = "<group>"; };
		FB79879E1FB0DB97009C2101 /* TipperUITests.xctest */ = {isa = PBXFileReference; explicitFileType = wrapper.cfbundle; includeInIndex = 0; path = TipperUITests.xctest; sourceTree = BUILT_PRODUCTS_DIR; };
		FB7987A21FB0DB97009C2101 /* TipperUITests.swift */ = {isa = PBXFileReference; lastKnownFileType = sourcecode.swift; path = TipperUITests.swift; sourceTree = "<group>"; };
		FB7987A41FB0DB97009C2101 /* Info.plist */ = {isa = PBXFileReference; lastKnownFileType = text.plist.xml; path = Info.plist; sourceTree = "<group>"; };
		FB7987B91FB16CC0009C2101 /* SettingsViewController.swift */ = {isa = PBXFileReference; lastKnownFileType = sourcecode.swift; path = SettingsViewController.swift; sourceTree = "<group>"; };
/* End PBXFileReference section */

/* Begin PBXFrameworksBuildPhase section */
		FB79877C1FB0DB96009C2101 /* Frameworks */ = {
			isa = PBXFrameworksBuildPhase;
			buildActionMask = 2147483647;
			files = (
			);
			runOnlyForDeploymentPostprocessing = 0;
		};
		FB7987901FB0DB96009C2101 /* Frameworks */ = {
			isa = PBXFrameworksBuildPhase;
			buildActionMask = 2147483647;
			files = (
			);
			runOnlyForDeploymentPostprocessing = 0;
		};
		FB79879B1FB0DB97009C2101 /* Frameworks */ = {
			isa = PBXFrameworksBuildPhase;
			buildActionMask = 2147483647;
			files = (
			);
			runOnlyForDeploymentPostprocessing = 0;
		};
/* End PBXFrameworksBuildPhase section */

/* Begin PBXGroup section */
		FB7987761FB0DB96009C2101 = {
			isa = PBXGroup;
			children = (
				FB7987811FB0DB96009C2101 /* Tipper */,
				FB7987961FB0DB97009C2101 /* TipperTests */,
				FB7987A11FB0DB97009C2101 /* TipperUITests */,
				FB7987801FB0DB96009C2101 /* Products */,
			);
			sourceTree = "<group>";
		};
		FB7987801FB0DB96009C2101 /* Products */ = {
			isa = PBXGroup;
			children = (
				FB79877F1FB0DB96009C2101 /* Tipper.app */,
				FB7987931FB0DB96009C2101 /* TipperTests.xctest */,
				FB79879E1FB0DB97009C2101 /* TipperUITests.xctest */,
			);
			name = Products;
			sourceTree = "<group>";
		};
		FB7987811FB0DB96009C2101 /* Tipper */ = {
			isa = PBXGroup;
			children = (
				FB7987821FB0DB96009C2101 /* AppDelegate.swift */,
				FB7987841FB0DB96009C2101 /* ViewController.swift */,
				FB7987B91FB16CC0009C2101 /* SettingsViewController.swift */,
				FB7987861FB0DB96009C2101 /* Main.storyboard */,
				FB7987891FB0DB96009C2101 /* Assets.xcassets */,
				FB79878B1FB0DB96009C2101 /* LaunchScreen.storyboard */,
				FB79878E1FB0DB96009C2101 /* Info.plist */,
			);
			path = Tipper;
			sourceTree = "<group>";
		};
		FB7987961FB0DB97009C2101 /* TipperTests */ = {
			isa = PBXGroup;
			children = (
				FB7987971FB0DB97009C2101 /* TipperTests.swift */,
				FB7987991FB0DB97009C2101 /* Info.plist */,
			);
			path = TipperTests;
			sourceTree = "<group>";
		};
		FB7987A11FB0DB97009C2101 /* TipperUITests */ = {
			isa = PBXGroup;
			children = (
				FB7987A21FB0DB97009C2101 /* TipperUITests.swift */,
				FB7987A41FB0DB97009C2101 /* Info.plist */,
			);
			path = TipperUITests;
			sourceTree = "<group>";
		};
/* End PBXGroup section */

/* Begin PBXNativeTarget section */
		FB79877E1FB0DB96009C2101 /* Tipper */ = {
			isa = PBXNativeTarget;
			buildConfigurationList = FB7987A71FB0DB97009C2101 /* Build configuration list for PBXNativeTarget "Tipper" */;
			buildPhases = (
				FB79877B1FB0DB96009C2101 /* Sources */,
				FB79877C1FB0DB96009C2101 /* Frameworks */,
				FB79877D1FB0DB96009C2101 /* Resources */,
			);
			buildRules = (
			);
			dependencies = (
			);
			name = Tipper;
			productName = Tipper;
			productReference = FB79877F1FB0DB96009C2101 /* Tipper.app */;
			productType = "com.apple.product-type.application";
		};
		FB7987921FB0DB96009C2101 /* TipperTests */ = {
			isa = PBXNativeTarget;
			buildConfigurationList = FB7987AA1FB0DB97009C2101 /* Build configuration list for PBXNativeTarget "TipperTests" */;
			buildPhases = (
				FB79878F1FB0DB96009C2101 /* Sources */,
				FB7987901FB0DB96009C2101 /* Frameworks */,
				FB7987911FB0DB96009C2101 /* Resources */,
			);
			buildRules = (
			);
			dependencies = (
				FB7987951FB0DB96009C2101 /* PBXTargetDependency */,
			);
			name = TipperTests;
			productName = TipperTests;
			productReference = FB7987931FB0DB96009C2101 /* TipperTests.xctest */;
			productType = "com.apple.product-type.bundle.unit-test";
		};
		FB79879D1FB0DB97009C2101 /* TipperUITests */ = {
			isa = PBXNativeTarget;
			buildConfigurationList = FB7987AD1FB0DB97009C2101 /* Build configuration list for PBXNativeTarget "TipperUITests" */;
			buildPhases = (
				FB79879A1FB0DB97009C2101 /* Sources */,
				FB79879B1FB0DB97009C2101 /* Frameworks */,
				FB79879C1FB0DB97009C2101 /* Resources */,
			);
			buildRules = (
			);
			dependencies = (
				FB7987A01FB0DB97009C2101 /* PBXTargetDependency */,
			);
			name = TipperUITests;
			productName = TipperUITests;
			productReference = FB79879E1FB0DB97009C2101 /* TipperUITests.xctest */;
			productType = "com.apple.product-type.bundle.ui-testing";
		};
/* End PBXNativeTarget section */

/* Begin PBXProject section */
		FB7987771FB0DB96009C2101 /* Project object */ = {
			isa = PBXProject;
			attributes = {
				LastSwiftUpdateCheck = 0910;
				LastUpgradeCheck = 0910;
				ORGANIZATIONNAME = "Allison Reiss";
				TargetAttributes = {
					FB79877E1FB0DB96009C2101 = {
						CreatedOnToolsVersion = 9.1;
						ProvisioningStyle = Automatic;
					};
					FB7987921FB0DB96009C2101 = {
						CreatedOnToolsVersion = 9.1;
						ProvisioningStyle = Automatic;
						TestTargetID = FB79877E1FB0DB96009C2101;
					};
					FB79879D1FB0DB97009C2101 = {
						CreatedOnToolsVersion = 9.1;
						ProvisioningStyle = Automatic;
						TestTargetID = FB79877E1FB0DB96009C2101;
					};
				};
			};
			buildConfigurationList = FB79877A1FB0DB96009C2101 /* Build configuration list for PBXProject "Tipper" */;
			compatibilityVersion = "Xcode 8.0";
			developmentRegion = en;
			hasScannedForEncodings = 0;
			knownRegions = (
				en,
				Base,
			);
			mainGroup = FB7987761FB0DB96009C2101;
			productRefGroup = FB7987801FB0DB96009C2101 /* Products */;
			projectDirPath = "";
			projectRoot = "";
			targets = (
				FB79877E1FB0DB96009C2101 /* Tipper */,
				FB7987921FB0DB96009C2101 /* TipperTests */,
				FB79879D1FB0DB97009C2101 /* TipperUITests */,
			);
		};
/* End PBXProject section */

/* Begin PBXResourcesBuildPhase section */
		FB79877D1FB0DB96009C2101 /* Resources */ = {
			isa = PBXResourcesBuildPhase;
			buildActionMask = 2147483647;
			files = (
				FB7987B61FB1066D009C2101 /* Main.storyboard in Resources */,
				FB79878D1FB0DB96009C2101 /* LaunchScreen.storyboard in Resources */,
				FB79878A1FB0DB96009C2101 /* Assets.xcassets in Resources */,
			);
			runOnlyForDeploymentPostprocessing = 0;
		};
		FB7987911FB0DB96009C2101 /* Resources */ = {
			isa = PBXResourcesBuildPhase;
			buildActionMask = 2147483647;
			files = (
			);
			runOnlyForDeploymentPostprocessing = 0;
		};
		FB79879C1FB0DB97009C2101 /* Resources */ = {
			isa = PBXResourcesBuildPhase;
			buildActionMask = 2147483647;
			files = (
			);
			runOnlyForDeploymentPostprocessing = 0;
		};
/* End PBXResourcesBuildPhase section */

/* Begin PBXSourcesBuildPhase section */
		FB79877B1FB0DB96009C2101 /* Sources */ = {
			isa = PBXSourcesBuildPhase;
			buildActionMask = 2147483647;
			files = (
				FB7987851FB0DB96009C2101 /* ViewController.swift in Sources */,
				FB7987831FB0DB96009C2101 /* AppDelegate.swift in Sources */,
				FB7987BA1FB16CC0009C2101 /* SettingsViewController.swift in Sources */,
			);
			runOnlyForDeploymentPostprocessing = 0;
		};
		FB79878F1FB0DB96009C2101 /* Sources */ = {
			isa = PBXSourcesBuildPhase;
			buildActionMask = 2147483647;
			files = (
				FB7987981FB0DB97009C2101 /* TipperTests.swift in Sources */,
			);
			runOnlyForDeploymentPostprocessing = 0;
		};
		FB79879A1FB0DB97009C2101 /* Sources */ = {
			isa = PBXSourcesBuildPhase;
			buildActionMask = 2147483647;
			files = (
				FB7987A31FB0DB97009C2101 /* TipperUITests.swift in Sources */,
			);
			runOnlyForDeploymentPostprocessing = 0;
		};
/* End PBXSourcesBuildPhase section */

/* Begin PBXTargetDependency section */
		FB7987951FB0DB96009C2101 /* PBXTargetDependency */ = {
			isa = PBXTargetDependency;
			target = FB79877E1FB0DB96009C2101 /* Tipper */;
			targetProxy = FB7987941FB0DB96009C2101 /* PBXContainerItemProxy */;
		};
		FB7987A01FB0DB97009C2101 /* PBXTargetDependency */ = {
			isa = PBXTargetDependency;
			target = FB79877E1FB0DB96009C2101 /* Tipper */;
			targetProxy = FB79879F1FB0DB97009C2101 /* PBXContainerItemProxy */;
		};
/* End PBXTargetDependency section */

/* Begin PBXVariantGroup section */
		FB7987861FB0DB96009C2101 /* Main.storyboard */ = {
			isa = PBXVariantGroup;
			children = (
				FB7987871FB0DB96009C2101 /* Base */,
			);
			name = Main.storyboard;
			sourceTree = "<group>";
		};
		FB79878B1FB0DB96009C2101 /* LaunchScreen.storyboard */ = {
			isa = PBXVariantGroup;
			children = (
				FB79878C1FB0DB96009C2101 /* Base */,
			);
			name = LaunchScreen.storyboard;
			sourceTree = "<group>";
		};
/* End PBXVariantGroup section */

/* Begin XCBuildConfiguration section */
		FB7987A51FB0DB97009C2101 /* Debug */ = {
			isa = XCBuildConfiguration;
			buildSettings = {
				ALWAYS_SEARCH_USER_PATHS = NO;
				CLANG_ANALYZER_NONNULL = YES;
				CLANG_ANALYZER_NUMBER_OBJECT_CONVERSION = YES_AGGRESSIVE;
				CLANG_CXX_LANGUAGE_STANDARD = "gnu++14";
				CLANG_CXX_LIBRARY = "libc++";
				CLANG_ENABLE_MODULES = YES;
				CLANG_ENABLE_OBJC_ARC = YES;
				CLANG_WARN_BLOCK_CAPTURE_AUTORELEASING = YES;
				CLANG_WARN_BOOL_CONVERSION = YES;
				CLANG_WARN_COMMA = YES;
				CLANG_WARN_CONSTANT_CONVERSION = YES;
				CLANG_WARN_DIRECT_OBJC_ISA_USAGE = YES_ERROR;
				CLANG_WARN_DOCUMENTATION_COMMENTS = YES;
				CLANG_WARN_EMPTY_BODY = YES;
				CLANG_WARN_ENUM_CONVERSION = YES;
				CLANG_WARN_INFINITE_RECURSION = YES;
				CLANG_WARN_INT_CONVERSION = YES;
				CLANG_WARN_NON_LITERAL_NULL_CONVERSION = YES;
				CLANG_WARN_OBJC_LITERAL_CONVERSION = YES;
				CLANG_WARN_OBJC_ROOT_CLASS = YES_ERROR;
				CLANG_WARN_RANGE_LOOP_ANALYSIS = YES;
				CLANG_WARN_STRICT_PROTOTYPES = YES;
				CLANG_WARN_SUSPICIOUS_MOVE = YES;
				CLANG_WARN_UNGUARDED_AVAILABILITY = YES_AGGRESSIVE;
				CLANG_WARN_UNREACHABLE_CODE = YES;
				CLANG_WARN__DUPLICATE_METHOD_MATCH = YES;
				CODE_SIGN_IDENTITY = "iPhone Developer";
				COPY_PHASE_STRIP = NO;
				DEBUG_INFORMATION_FORMAT = dwarf;
				ENABLE_STRICT_OBJC_MSGSEND = YES;
				ENABLE_TESTABILITY = YES;
				GCC_C_LANGUAGE_STANDARD = gnu11;
				GCC_DYNAMIC_NO_PIC = NO;
				GCC_NO_COMMON_BLOCKS = YES;
				GCC_OPTIMIZATION_LEVEL = 0;
				GCC_PREPROCESSOR_DEFINITIONS = (
					"DEBUG=1",
					"$(inherited)",
				);
				GCC_WARN_64_TO_32_BIT_CONVERSION = YES;
				GCC_WARN_ABOUT_RETURN_TYPE = YES_ERROR;
				GCC_WARN_UNDECLARED_SELECTOR = YES;
				GCC_WARN_UNINITIALIZED_AUTOS = YES_AGGRESSIVE;
				GCC_WARN_UNUSED_FUNCTION = YES;
				GCC_WARN_UNUSED_VARIABLE = YES;
				IPHONEOS_DEPLOYMENT_TARGET = 11.1;
				MTL_ENABLE_DEBUG_INFO = YES;
				ONLY_ACTIVE_ARCH = YES;
				SDKROOT = iphoneos;
				SWIFT_ACTIVE_COMPILATION_CONDITIONS = DEBUG;
				SWIFT_OPTIMIZATION_LEVEL = "-Onone";
			};
			name = Debug;
		};
		FB7987A61FB0DB97009C2101 /* Release */ = {
			isa = XCBuildConfiguration;
			buildSettings = {
				ALWAYS_SEARCH_USER_PATHS = NO;
				CLANG_ANALYZER_NONNULL = YES;
				CLANG_ANALYZER_NUMBER_OBJECT_CONVERSION = YES_AGGRESSIVE;
				CLANG_CXX_LANGUAGE_STANDARD = "gnu++14";
				CLANG_CXX_LIBRARY = "libc++";
				CLANG_ENABLE_MODULES = YES;
				CLANG_ENABLE_OBJC_ARC = YES;
				CLANG_WARN_BLOCK_CAPTURE_AUTORELEASING = YES;
				CLANG_WARN_BOOL_CONVERSION = YES;
				CLANG_WARN_COMMA = YES;
				CLANG_WARN_CONSTANT_CONVERSION = YES;
				CLANG_WARN_DIRECT_OBJC_ISA_USAGE = YES_ERROR;
				CLANG_WARN_DOCUMENTATION_COMMENTS = YES;
				CLANG_WARN_EMPTY_BODY = YES;
				CLANG_WARN_ENUM_CONVERSION = YES;
				CLANG_WARN_INFINITE_RECURSION = YES;
				CLANG_WARN_INT_CONVERSION = YES;
				CLANG_WARN_NON_LITERAL_NULL_CONVERSION = YES;
				CLANG_WARN_OBJC_LITERAL_CONVERSION = YES;
				CLANG_WARN_OBJC_ROOT_CLASS = YES_ERROR;
				CLANG_WARN_RANGE_LOOP_ANALYSIS = YES;
				CLANG_WARN_STRICT_PROTOTYPES = YES;
				CLANG_WARN_SUSPICIOUS_MOVE = YES;
				CLANG_WARN_UNGUARDED_AVAILABILITY = YES_AGGRESSIVE;
				CLANG_WARN_UNREACHABLE_CODE = YES;
				CLANG_WARN__DUPLICATE_METHOD_MATCH = YES;
				CODE_SIGN_IDENTITY = "iPhone Developer";
				COPY_PHASE_STRIP = NO;
				DEBUG_INFORMATION_FORMAT = "dwarf-with-dsym";
				ENABLE_NS_ASSERTIONS = NO;
				ENABLE_STRICT_OBJC_MSGSEND = YES;
				GCC_C_LANGUAGE_STANDARD = gnu11;
				GCC_NO_COMMON_BLOCKS = YES;
				GCC_WARN_64_TO_32_BIT_CONVERSION = YES;
				GCC_WARN_ABOUT_RETURN_TYPE = YES_ERROR;
				GCC_WARN_UNDECLARED_SELECTOR = YES;
				GCC_WARN_UNINITIALIZED_AUTOS = YES_AGGRESSIVE;
				GCC_WARN_UNUSED_FUNCTION = YES;
				GCC_WARN_UNUSED_VARIABLE = YES;
				IPHONEOS_DEPLOYMENT_TARGET = 11.1;
				MTL_ENABLE_DEBUG_INFO = NO;
				SDKROOT = iphoneos;
				SWIFT_OPTIMIZATION_LEVEL = "-Owholemodule";
				VALIDATE_PRODUCT = YES;
			};
			name = Release;
		};
		FB7987A81FB0DB97009C2101 /* Debug */ = {
			isa = XCBuildConfiguration;
			buildSettings = {
				ASSETCATALOG_COMPILER_APPICON_NAME = AppIcon;
				CODE_SIGN_STYLE = Automatic;
				INFOPLIST_FILE = Tipper/Info.plist;
				LD_RUNPATH_SEARCH_PATHS = "$(inherited) @executable_path/Frameworks";
				PRODUCT_BUNDLE_IDENTIFIER = com.codepath.Tipper;
				PRODUCT_NAME = "$(TARGET_NAME)";
				SWIFT_VERSION = 4.0;
				TARGETED_DEVICE_FAMILY = "1,2";
			};
			name = Debug;
		};
		FB7987A91FB0DB97009C2101 /* Release */ = {
			isa = XCBuildConfiguration;
			buildSettings = {
				ASSETCATALOG_COMPILER_APPICON_NAME = AppIcon;
				CODE_SIGN_STYLE = Automatic;
				INFOPLIST_FILE = Tipper/Info.plist;
				LD_RUNPATH_SEARCH_PATHS = "$(inherited) @executable_path/Frameworks";
				PRODUCT_BUNDLE_IDENTIFIER = com.codepath.Tipper;
				PRODUCT_NAME = "$(TARGET_NAME)";
				SWIFT_VERSION = 4.0;
				TARGETED_DEVICE_FAMILY = "1,2";
			};
			name = Release;
		};
		FB7987AB1FB0DB97009C2101 /* Debug */ = {
			isa = XCBuildConfiguration;
			buildSettings = {
				ALWAYS_EMBED_SWIFT_STANDARD_LIBRARIES = YES;
				BUNDLE_LOADER = "$(TEST_HOST)";
				CODE_SIGN_STYLE = Automatic;
				INFOPLIST_FILE = TipperTests/Info.plist;
				LD_RUNPATH_SEARCH_PATHS = "$(inherited) @executable_path/Frameworks @loader_path/Frameworks";
				PRODUCT_BUNDLE_IDENTIFIER = com.codepath.TipperTests;
				PRODUCT_NAME = "$(TARGET_NAME)";
				SWIFT_VERSION = 4.0;
				TARGETED_DEVICE_FAMILY = "1,2";
				TEST_HOST = "$(BUILT_PRODUCTS_DIR)/Tipper.app/Tipper";
			};
			name = Debug;
		};
		FB7987AC1FB0DB97009C2101 /* Release */ = {
			isa = XCBuildConfiguration;
			buildSettings = {
				ALWAYS_EMBED_SWIFT_STANDARD_LIBRARIES = YES;
				BUNDLE_LOADER = "$(TEST_HOST)";
				CODE_SIGN_STYLE = Automatic;
				INFOPLIST_FILE = TipperTests/Info.plist;
				LD_RUNPATH_SEARCH_PATHS = "$(inherited) @executable_path/Frameworks @loader_path/Frameworks";
				PRODUCT_BUNDLE_IDENTIFIER = com.codepath.TipperTests;
				PRODUCT_NAME = "$(TARGET_NAME)";
				SWIFT_VERSION = 4.0;
				TARGETED_DEVICE_FAMILY = "1,2";
				TEST_HOST = "$(BUILT_PRODUCTS_DIR)/Tipper.app/Tipper";
			};
			name = Release;
		};
		FB7987AE1FB0DB97009C2101 /* Debug */ = {
			isa = XCBuildConfiguration;
			buildSettings = {
				ALWAYS_EMBED_SWIFT_STANDARD_LIBRARIES = YES;
				CODE_SIGN_STYLE = Automatic;
				INFOPLIST_FILE = TipperUITests/Info.plist;
				LD_RUNPATH_SEARCH_PATHS = "$(inherited) @executable_path/Frameworks @loader_path/Frameworks";
				PRODUCT_BUNDLE_IDENTIFIER = com.codepath.TipperUITests;
				PRODUCT_NAME = "$(TARGET_NAME)";
				SWIFT_VERSION = 4.0;
				TARGETED_DEVICE_FAMILY = "1,2";
				TEST_TARGET_NAME = Tipper;
			};
			name = Debug;
		};
		FB7987AF1FB0DB97009C2101 /* Release */ = {
			isa = XCBuildConfiguration;
			buildSettings = {
				ALWAYS_EMBED_SWIFT_STANDARD_LIBRARIES = YES;
				CODE_SIGN_STYLE = Automatic;
				INFOPLIST_FILE = TipperUITests/Info.plist;
				LD_RUNPATH_SEARCH_PATHS = "$(inherited) @executable_path/Frameworks @loader_path/Frameworks";
				PRODUCT_BUNDLE_IDENTIFIER = com.codepath.TipperUITests;
				PRODUCT_NAME = "$(TARGET_NAME)";
				SWIFT_VERSION = 4.0;
				TARGETED_DEVICE_FAMILY = "1,2";
				TEST_TARGET_NAME = Tipper;
			};
			name = Release;
		};
/* End XCBuildConfiguration section */

/* Begin XCConfigurationList section */
		FB79877A1FB0DB96009C2101 /* Build configuration list for PBXProject "Tipper" */ = {
			isa = XCConfigurationList;
			buildConfigurations = (
				FB7987A51FB0DB97009C2101 /* Debug */,
				FB7987A61FB0DB97009C2101 /* Release */,
			);
			defaultConfigurationIsVisible = 0;
			defaultConfigurationName = Release;
		};
		FB7987A71FB0DB97009C2101 /* Build configuration list for PBXNativeTarget "Tipper" */ = {
			isa = XCConfigurationList;
			buildConfigurations = (
				FB7987A81FB0DB97009C2101 /* Debug */,
				FB7987A91FB0DB97009C2101 /* Release */,
			);
			defaultConfigurationIsVisible = 0;
			defaultConfigurationName = Release;
		};
		FB7987AA1FB0DB97009C2101 /* Build configuration list for PBXNativeTarget "TipperTests" */ = {
			isa = XCConfigurationList;
			buildConfigurations = (
				FB7987AB1FB0DB97009C2101 /* Debug */,
				FB7987AC1FB0DB97009C2101 /* Release */,
			);
			defaultConfigurationIsVisible = 0;
			defaultConfigurationName = Release;
		};
		FB7987AD1FB0DB97009C2101 /* Build configuration list for PBXNativeTarget "TipperUITests" */ = {
			isa = XCConfigurationList;
			buildConfigurations = (
				FB7987AE1FB0DB97009C2101 /* Debug */,
				FB7987AF1FB0DB97009C2101 /* Release */,
			);
			defaultConfigurationIsVisible = 0;
			defaultConfigurationName = Release;
		};
/* End XCConfigurationList section */
	};
	rootObject = FB7987771FB0DB96009C2101 /* Project object */;
}
